github.com/infinitybotlist/eureka v0.3.0 h1:UduytrEIPqiMFQfdWKU7Jqhbc+Fu8wD4SpoKMP4WqBY=
github.com/infinitybotlist/eureka v0.3.0/go.mod h1:XY/H8htZ4EQJwyfwnDrLuKg5M7DGoo6835ZJSKSswCg=
github.com/infinitybotlist/eureka v0.5.0 h1:S4X6X4queBLjQn3Zeb9h6+83tHY5kNxnDGm5X7+QRp4=
github.com/infinitybotlist/eureka v0.5.0/go.mod h1:XY/H8htZ4EQJwyfwnDrLuKg5M7DGoo6835ZJSKSswCg=
